{
  "nodes": {
    "darwin": {
      "inputs": {
        "nixpkgs": [
          "nixpkgs"
        ]
      },
      "locked": {
        "lastModified": 1730184279,
        "narHash": "sha256-6OB+WWR6gnaWiqSS28aMJypKeK7Pjc2Wm6L0MtOrTuA=",
        "owner": "lnl7",
        "repo": "nix-darwin",
        "rev": "b379bd4d872d159e5189053ce9a4adf86d56db4b",
        "type": "github"
      },
      "original": {
        "owner": "lnl7",
        "repo": "nix-darwin",
        "type": "github"
      }
    },
    "goreleaser-nur": {
      "inputs": {
        "nixpkgs": "nixpkgs"
      },
      "locked": {
        "lastModified": 1730056057,
        "narHash": "sha256-eZdPKKWmdix6JdD5Z6HuXMqpR74LTg9mtWQX2DVzZtc=",
        "owner": "goreleaser",
        "repo": "nur",
        "rev": "30313fbec30b46902825a7c7c576cd1b02d4ef0f",
        "type": "github"
      },
      "original": {
        "owner": "goreleaser",
        "repo": "nur",
        "type": "github"
      }
    },
    "home-manager": {
      "inputs": {
        "nixpkgs": [
          "nixpkgs"
        ]
      },
      "locked": {
        "lastModified": 1730016908,
        "narHash": "sha256-bFCxJco7d8IgmjfNExNz9knP8wvwbXU4s/d53KOK6U0=",
        "owner": "nix-community",
        "repo": "home-manager",
        "rev": "e83414058edd339148dc142a8437edb9450574c8",
        "type": "github"
      },
      "original": {
        "owner": "nix-community",
        "repo": "home-manager",
        "type": "github"
      }
    },
    "nix-index-database": {
      "inputs": {
        "nixpkgs": [
          "nixpkgs"
        ]
      },
      "locked": {
        "lastModified": 1729999765,
        "narHash": "sha256-LYsavZXitFjjyETZoij8usXjTa7fa9AIF3Sk3MJSX+Y=",
        "owner": "Mic92",
        "repo": "nix-index-database",
        "rev": "0e3a8778c2ee218eff8de6aacf3d2fa6c33b2d4f",
        "type": "github"
      },
      "original": {
        "owner": "Mic92",
        "repo": "nix-index-database",
        "type": "github"
      }
    },
    "nixpkgs": {
      "locked": {
        "lastModified": 1624561540,
        "narHash": "sha256-izJ2PYZMGMsSkg+e7c9A1x3t/yOLT+qzUM6WQsc2tqo=",
        "owner": "NixOS",
        "repo": "nixpkgs",
        "rev": "c6a049a3d32293b24c0f894a840872cf67fd7c11",
        "type": "github"
      },
      "original": {
        "owner": "NixOS",
        "ref": "nixpkgs-unstable",
        "repo": "nixpkgs",
        "type": "github"
      }
    },
    "nixpkgs_2": {
      "locked": {
        "lastModified": 1729880355,
        "narHash": "sha256-RP+OQ6koQQLX5nw0NmcDrzvGL8HDLnyXt/jHhL1jwjM=",
        "owner": "NixOS",
        "repo": "nixpkgs",
        "rev": "18536bf04cd71abd345f9579158841376fdd0c5a",
        "type": "github"
      },
      "original": {
        "owner": "NixOS",
        "ref": "nixos-unstable",
        "repo": "nixpkgs",
        "type": "github"
      }
    },
    "nur": {
      "locked": {
        "lastModified": 1730331873,
        "narHash": "sha256-LQenSv3wlNGI2lUudItcUVJ/IF/P3Tm9LdBF7Ph2EPA=",
        "owner": "nix-community",
        "repo": "NUR",
        "rev": "664a098d8fd59ba06980b8ec39fee92d4c213096",
        "type": "github"
      },
      "original": {
        "owner": "nix-community",
        "repo": "NUR",
        "type": "github"
      }
    },
    "root": {
      "inputs": {
        "darwin": "darwin",
        "goreleaser-nur": "goreleaser-nur",
        "home-manager": "home-manager",
        "nix-index-database": "nix-index-database",
        "nixpkgs": "nixpkgs_2",
        "nur": "nur"
      }
    }
  },
  "root": "root",
  "version": 7
}
